
Microsoft Visual Studio Solution File, Format Version 12.00
# Visual Studio Version 17
VisualStudioVersion = 17.13.35825.156 d17.13
MinimumVisualStudioVersion = 10.0.40219.1
Project("{FAE04EC0-301F-11D3-BF4B-00C04F79EFBC}") = "CP-Mock1", "CP-Mock1.csproj", "{76201293-E5D5-4884-91C9-3CE8F71E37F6}"
EndProject
Global
	GlobalSection(SolutionConfigurationPlatforms) = preSolution
		Debug|Any CPU = Debug|Any CPU
		Release|Any CPU = Release|Any CPU
	EndGlobalSection
	GlobalSection(ProjectConfigurationPlatforms) = postSolution
		{76201293-E5D5-4884-91C9-3CE8F71E37F6}.Debug|Any CPU.ActiveCfg = Debug|Any CPU
		{76201293-E5D5-4884-91C9-3CE8F71E37F6}.Debug|Any CPU.Build.0 = Debug|Any CPU
		{76201293-E5D5-4884-91C9-3CE8F71E37F6}.Release|Any CPU.ActiveCfg = Release|Any CPU
		{76201293-E5D5-4884-91C9-3CE8F71E37F6}.Release|Any CPU.Build.0 = Release|Any CPU
	EndGlobalSection
	GlobalSection(SolutionProperties) = preSolution
		HideSolutionNode = FALSE
	EndGlobalSection
	GlobalSection(ExtensibilityGlobals) = postSolution
		SolutionGuid = {6B27391A-9924-428D-9C6A-47B75202F2AB}
	EndGlobalSection
EndGlobal
